
Microsoft Visual Studio Solution File, Format Version 12.00
# Visual Studio Version 17
VisualStudioVersion = 17.8.34511.84
MinimumVisualStudioVersion = 10.0.40219.1
Project("{FAE04EC0-301F-11D3-BF4B-00C04F79EFBC}") = "DesafioBar", "DesafioBar.csproj", "{46019983-09FD-47D5-9CF0-10711B33B5C9}"
EndProject
Global
	GlobalSection(SolutionConfigurationPlatforms) = preSolution
		Debug|Any CPU = Debug|Any CPU
		Release|Any CPU = Release|Any CPU
	EndGlobalSection
	GlobalSection(ProjectConfigurationPlatforms) = postSolution
		{46019983-09FD-47D5-9CF0-10711B33B5C9}.Debug|Any CPU.ActiveCfg = Debug|Any CPU
		{46019983-09FD-47D5-9CF0-10711B33B5C9}.Debug|Any CPU.Build.0 = Debug|Any CPU
		{46019983-09FD-47D5-9CF0-10711B33B5C9}.Release|Any CPU.ActiveCfg = Release|Any CPU
		{46019983-09FD-47D5-9CF0-10711B33B5C9}.Release|Any CPU.Build.0 = Release|Any CPU
	EndGlobalSection
	GlobalSection(SolutionProperties) = preSolution
		HideSolutionNode = FALSE
	EndGlobalSection
	GlobalSection(ExtensibilityGlobals) = postSolution
		SolutionGuid = {19C278CB-C3FF-4471-9808-59B266BFC008}
	EndGlobalSection
EndGlobal
